{
    "_readme": [
        "This file locks the dependencies of your project to a known state",
        "Read more about it at https://getcomposer.org/doc/01-basic-usage.md#composer-lock-the-lock-file",
        "This file is @generated automatically"
    ],
    "content-hash": "f0de7e5b856d5b957918d571e11be40c",
    "packages": [
        {
            "name": "illuminate/container",
            "version": "v5.4.27",
            "source": {
                "type": "git",
                "url": "https://github.com/illuminate/container.git",
                "reference": "c5b8a02a34a52c307f16922334c355c5eef725a6"
            },
            "dist": {
                "type": "zip",
                "url": "https://files.phpcomposer.com/files/illuminate/container/c5b8a02a34a52c307f16922334c355c5eef725a6.zip",
                "reference": "c5b8a02a34a52c307f16922334c355c5eef725a6",
                "shasum": ""
            },
            "require": {
                "illuminate/contracts": "5.4.*",
                "php": ">=5.6.4"
            },
            "type": "library",
            "extra": {
                "branch-alias": {
                    "dev-master": "5.4-dev"
                }
            },
            "autoload": {
                "psr-4": {
                    "Illuminate\\Container\\": ""
                }
            },
            "notification-url": "https://packagist.org/downloads/",
            "license": [
                "MIT"
            ],
            "authors": [
                {
                    "name": "Taylor Otwell",
                    "email": "taylor@laravel.com"
                }
            ],
            "description": "The Illuminate Container package.",
            "homepage": "https://laravel.com",
            "time": "2017-05-24T14:15:53+00:00"
        },
        {
            "name": "illuminate/contracts",
            "version": "v5.4.27",
            "source": {
                "type": "git",
                "url": "https://github.com/illuminate/contracts.git",
                "reference": "31f0193eb14aa3ee07841dc254081425616e79f0"
            },
            "dist": {
                "type": "zip",
                "url": "https://files.phpcomposer.com/files/illuminate/contracts/31f0193eb14aa3ee07841dc254081425616e79f0.zip",
                "reference": "31f0193eb14aa3ee07841dc254081425616e79f0",
                "shasum": ""
            },
            "require": {
                "php": ">=5.6.4"
            },
            "type": "library",
            "extra": {
                "branch-alias": {
                    "dev-master": "5.4-dev"
                }
            },
            "autoload": {
                "psr-4": {
                    "Illuminate\\Contracts\\": ""
                }
            },
            "notification-url": "https://packagist.org/downloads/",
            "license": [
                "MIT"
            ],
            "authors": [
                {
                    "name": "Taylor Otwell",
                    "email": "taylor@laravel.com"
                }
            ],
            "description": "The Illuminate Contracts package.",
            "homepage": "https://laravel.com",
            "time": "2017-04-19T20:17:43+00:00"
        },
        {
            "name": "predis/predis",
            "version": "v1.0.0",
            "source": {
                "type": "git",
                "url": "https://github.com/nrk/predis.git",
                "reference": "d4be306d0aca28b5633b96adef03b29fea569c2f"
            },
            "dist": {
                "type": "zip",
                "url": "https://files.phpcomposer.com/files/nrk/predis/d4be306d0aca28b5633b96adef03b29fea569c2f.zip",
                "reference": "d4be306d0aca28b5633b96adef03b29fea569c2f",
                "shasum": ""
            },
            "require": {
                "php": ">=5.3.2"
            },
            "require-dev": {
                "phpunit/phpunit": "~4.0"
            },
            "suggest": {
                "ext-curl": "Allows access to Webdis when paired with phpiredis",
                "ext-phpiredis": "Allows faster serialization and deserialization of the Redis protocol"
            },
            "type": "library",
            "extra": {
                "branch-alias": {
                    "dev-master": "1.0-dev"
                }
            },
            "autoload": {
                "psr-4": {
                    "Predis\\": "src/"
                }
            },
            "notification-url": "https://packagist.org/downloads/",
            "license": [
                "MIT"
            ],
            "authors": [
                {
                    "name": "Daniele Alessandri",
                    "email": "suppakilla@gmail.com",
                    "homepage": "http://clorophilla.net"
                }
            ],
            "description": "Flexible and feature-complete PHP client library for Redis",
            "homepage": "http://github.com/nrk/predis",
            "keywords": [
                "nosql",
                "predis",
                "redis"
            ],
            "time": "2014-08-01T09:59:50+00:00"
        }
    ],
    "packages-dev": [
        {
            "name": "eaglewu/swoole-ide-helper",
            "version": "dev-master",
            "source": {
                "type": "git",
                "url": "https://github.com/eaglewu/swoole-ide-helper.git",
                "reference": "a4bf4e464cb184fd71708578e3cba6609c93e711"
            },
            "dist": {
                "type": "zip",
                "url": "https://files.phpcomposer.com/files/eaglewu/swoole-ide-helper/a4bf4e464cb184fd71708578e3cba6609c93e711.zip",
                "reference": "a4bf4e464cb184fd71708578e3cba6609c93e711",
                "shasum": ""
            },
            "type": "library",
            "autoload": {
                "psr-4": {
                    "Swoole\\": "src/"
                }
            },
            "notification-url": "https://packagist.org/downloads/",
            "authors": [
                {
                    "name": "eaglewu",
                    "email": "eaglewu@gmail.com"
                }
            ],
            "description": "Swoole 在IDE下自动识别类、函数、宏，自动补全函数名",
            "time": "2017-08-14 04:00:11"
        }
    ],
    "aliases": [],
    "minimum-stability": "stable",
    "stability-flags": {
        "eaglewu/swoole-ide-helper": 20
    },
    "prefer-stable": false,
    "prefer-lowest": false,
    "platform": [],
    "platform-dev": []
}
